// !$*UTF8*$!
{
	archiveVersion = 1;
	classes = {
	};
	objectVersion = 56;
	objects = {

/* Begin PBXBuildFile section */
		08127B022971EDA5003F2CD1 /* StarViewApp.swift in Sources */ = {isa = PBXBuildFile; fileRef = 08127B012971EDA5003F2CD1 /* StarViewApp.swift */; };
		08127B042971EDA5003F2CD1 /* ContentView.swift in Sources */ = {isa = PBXBuildFile; fileRef = 08127B032971EDA5003F2CD1 /* ContentView.swift */; };
		08127B062971EDA5003F2CD1 /* Assets.xcassets in Resources */ = {isa = PBXBuildFile; fileRef = 08127B052971EDA5003F2CD1 /* Assets.xcassets */; };
		08127B092971EDA5003F2CD1 /* Preview Assets.xcassets in Resources */ = {isa = PBXBuildFile; fileRef = 08127B082971EDA5003F2CD1 /* Preview Assets.xcassets */; };
		08127B132971EDA6003F2CD1 /* StarViewTests.swift in Sources */ = {isa = PBXBuildFile; fileRef = 08127B122971EDA6003F2CD1 /* StarViewTests.swift */; };
		08127B1D2971EDA6003F2CD1 /* StarViewUITests.swift in Sources */ = {isa = PBXBuildFile; fileRef = 08127B1C2971EDA6003F2CD1 /* StarViewUITests.swift */; };
		08127B1F2971EDA6003F2CD1 /* StarViewUITestsLaunchTests.swift in Sources */ = {isa = PBXBuildFile; fileRef = 08127B1E2971EDA6003F2CD1 /* StarViewUITestsLaunchTests.swift */; };
/* End PBXBuildFile section */

/* Begin PBXContainerItemProxy section */
		08127B0F2971EDA6003F2CD1 /* PBXContainerItemProxy */ = {
			isa = PBXContainerItemProxy;
			containerPortal = 08127AF62971EDA4003F2CD1 /* Project object */;
			proxyType = 1;
			remoteGlobalIDString = 08127AFD2971EDA4003F2CD1;
			remoteInfo = StarView;
		};
		08127B192971EDA6003F2CD1 /* PBXContainerItemProxy */ = {
			isa = PBXContainerItemProxy;
			containerPortal = 08127AF62971EDA4003F2CD1 /* Project object */;
			proxyType = 1;
			remoteGlobalIDString = 08127AFD2971EDA4003F2CD1;
			remoteInfo = StarView;
		};
/* End PBXContainerItemProxy section */

/* Begin PBXFileReference section */
		08127AFE2971EDA5003F2CD1 /* StarView.app */ = {isa = PBXFileReference; explicitFileType = wrapper.application; includeInIndex = 0; path = StarView.app; sourceTree = BUILT_PRODUCTS_DIR; };
		08127B012971EDA5003F2CD1 /* StarViewApp.swift */ = {isa = PBXFileReference; lastKnownFileType = sourcecode.swift; path = StarViewApp.swift; sourceTree = "<group>"; };
		08127B032971EDA5003F2CD1 /* ContentView.swift */ = {isa = PBXFileReference; lastKnownFileType = sourcecode.swift; path = ContentView.swift; sourceTree = "<group>"; };
		08127B052971EDA5003F2CD1 /* Assets.xcassets */ = {isa = PBXFileReference; lastKnownFileType = folder.assetcatalog; path = Assets.xcassets; sourceTree = "<group>"; };
		08127B082971EDA5003F2CD1 /* Preview Assets.xcassets */ = {isa = PBXFileReference; lastKnownFileType = folder.assetcatalog; path = "Preview Assets.xcassets"; sourceTree = "<group>"; };
		08127B0E2971EDA6003F2CD1 /* StarViewTests.xctest */ = {isa = PBXFileReference; explicitFileType = wrapper.cfbundle; includeInIndex = 0; path = StarViewTests.xctest; sourceTree = BUILT_PRODUCTS_DIR; };
		08127B122971EDA6003F2CD1 /* StarViewTests.swift */ = {isa = PBXFileReference; lastKnownFileType = sourcecode.swift; path = StarViewTests.swift; sourceTree = "<group>"; };
		08127B182971EDA6003F2CD1 /* StarViewUITests.xctest */ = {isa = PBXFileReference; explicitFileType = wrapper.cfbundle; includeInIndex = 0; path = StarViewUITests.xctest; sourceTree = BUILT_PRODUCTS_DIR; };
		08127B1C2971EDA6003F2CD1 /* StarViewUITests.swift */ = {isa = PBXFileReference; lastKnownFileType = sourcecode.swift; path = StarViewUITests.swift; sourceTree = "<group>"; };
		08127B1E2971EDA6003F2CD1 /* StarViewUITestsLaunchTests.swift */ = {isa = PBXFileReference; lastKnownFileType = sourcecode.swift; path = StarViewUITestsLaunchTests.swift; sourceTree = "<group>"; };
/* End PBXFileReference section */

/* Begin PBXFrameworksBuildPhase section */
		08127AFB2971EDA4003F2CD1 /* Frameworks */ = {
			isa = PBXFrameworksBuildPhase;
			buildActionMask = 2147483647;
			files = (
			);
			runOnlyForDeploymentPostprocessing = 0;
		};
		08127B0B2971EDA6003F2CD1 /* Frameworks */ = {
			isa = PBXFrameworksBuildPhase;
			buildActionMask = 2147483647;
			files = (
			);
			runOnlyForDeploymentPostprocessing = 0;
		};
		08127B152971EDA6003F2CD1 /* Frameworks */ = {
			isa = PBXFrameworksBuildPhase;
			buildActionMask = 2147483647;
			files = (
			);
			runOnlyForDeploymentPostprocessing = 0;
		};
/* End PBXFrameworksBuildPhase section */

/* Begin PBXGroup section */
		08127AF52971EDA4003F2CD1 = {
			isa = PBXGroup;
			children = (
				08127B002971EDA5003F2CD1 /* StarView */,
				08127B112971EDA6003F2CD1 /* StarViewTests */,
				08127B1B2971EDA6003F2CD1 /* StarViewUITests */,
				08127AFF2971EDA5003F2CD1 /* Products */,
			);
			sourceTree = "<group>";
		};
		08127AFF2971EDA5003F2CD1 /* Products */ = {
			isa = PBXGroup;
			children = (
				08127AFE2971EDA5003F2CD1 /* StarView.app */,
				08127B0E2971EDA6003F2CD1 /* StarViewTests.xctest */,
				08127B182971EDA6003F2CD1 /* StarViewUITests.xctest */,
			);
			name = Products;
			sourceTree = "<group>";
		};
		08127B002971EDA5003F2CD1 /* StarView */ = {
			isa = PBXGroup;
			children = (
				08127B012971EDA5003F2CD1 /* StarViewApp.swift */,
				08127B032971EDA5003F2CD1 /* ContentView.swift */,
				08127B052971EDA5003F2CD1 /* Assets.xcassets */,
				08127B072971EDA5003F2CD1 /* Preview Content */,
			);
			path = StarView;
			sourceTree = "<group>";
		};
		08127B072971EDA5003F2CD1 /* Preview Content */ = {
			isa = PBXGroup;
			children = (
				08127B082971EDA5003F2CD1 /* Preview Assets.xcassets */,
			);
			path = "Preview Content";
			sourceTree = "<group>";
		};
		08127B112971EDA6003F2CD1 /* StarViewTests */ = {
			isa = PBXGroup;
			children = (
				08127B122971EDA6003F2CD1 /* StarViewTests.swift */,
			);
			path = StarViewTests;
			sourceTree = "<group>";
		};
		08127B1B2971EDA6003F2CD1 /* StarViewUITests */ = {
			isa = PBXGroup;
			children = (
				08127B1C2971EDA6003F2CD1 /* StarViewUITests.swift */,
				08127B1E2971EDA6003F2CD1 /* StarViewUITestsLaunchTests.swift */,
			);
			path = StarViewUITests;
			sourceTree = "<group>";
		};
/* End PBXGroup section */

/* Begin PBXNativeTarget section */
		08127AFD2971EDA4003F2CD1 /* StarView */ = {
			isa = PBXNativeTarget;
			buildConfigurationList = 08127B222971EDA6003F2CD1 /* Build configuration list for PBXNativeTarget "StarView" */;
			buildPhases = (
				08127AFA2971EDA4003F2CD1 /* Sources */,
				08127AFB2971EDA4003F2CD1 /* Frameworks */,
				08127AFC2971EDA4003F2CD1 /* Resources */,
			);
			buildRules = (
			);
			dependencies = (
			);
			name = StarView;
			productName = StarView;
			productReference = 08127AFE2971EDA5003F2CD1 /* StarView.app */;
			productType = "com.apple.product-type.application";
		};
		08127B0D2971EDA6003F2CD1 /* StarViewTests */ = {
			isa = PBXNativeTarget;
			buildConfigurationList = 08127B252971EDA6003F2CD1 /* Build configuration list for PBXNativeTarget "StarViewTests" */;
			buildPhases = (
				08127B0A2971EDA6003F2CD1 /* Sources */,
				08127B0B2971EDA6003F2CD1 /* Frameworks */,
				08127B0C2971EDA6003F2CD1 /* Resources */,
			);
			buildRules = (
			);
			dependencies = (
				08127B102971EDA6003F2CD1 /* PBXTargetDependency */,
			);
			name = StarViewTests;
			productName = StarViewTests;
			productReference = 08127B0E2971EDA6003F2CD1 /* StarViewTests.xctest */;
			productType = "com.apple.product-type.bundle.unit-test";
		};
		08127B172971EDA6003F2CD1 /* StarViewUITests */ = {
			isa = PBXNativeTarget;
			buildConfigurationList = 08127B282971EDA6003F2CD1 /* Build configuration list for PBXNativeTarget "StarViewUITests" */;
			buildPhases = (
				08127B142971EDA6003F2CD1 /* Sources */,
				08127B152971EDA6003F2CD1 /* Frameworks */,
				08127B162971EDA6003F2CD1 /* Resources */,
			);
			buildRules = (
			);
			dependencies = (
				08127B1A2971EDA6003F2CD1 /* PBXTargetDependency */,
			);
			name = StarViewUITests;
			productName = StarViewUITests;
			productReference = 08127B182971EDA6003F2CD1 /* StarViewUITests.xctest */;
			productType = "com.apple.product-type.bundle.ui-testing";
		};
/* End PBXNativeTarget section */

/* Begin PBXProject section */
		08127AF62971EDA4003F2CD1 /* Project object */ = {
			isa = PBXProject;
			attributes = {
				BuildIndependentTargetsInParallel = 1;
				LastSwiftUpdateCheck = 1420;
				LastUpgradeCheck = 1420;
				TargetAttributes = {
					08127AFD2971EDA4003F2CD1 = {
						CreatedOnToolsVersion = 14.2;
					};
					08127B0D2971EDA6003F2CD1 = {
						CreatedOnToolsVersion = 14.2;
						TestTargetID = 08127AFD2971EDA4003F2CD1;
					};
					08127B172971EDA6003F2CD1 = {
						CreatedOnToolsVersion = 14.2;
						TestTargetID = 08127AFD2971EDA4003F2CD1;
					};
				};
			};
			buildConfigurationList = 08127AF92971EDA4003F2CD1 /* Build configuration list for PBXProject "StarView" */;
			compatibilityVersion = "Xcode 14.0";
			developmentRegion = en;
			hasScannedForEncodings = 0;
			knownRegions = (
				en,
				Base,
			);
			mainGroup = 08127AF52971EDA4003F2CD1;
			productRefGroup = 08127AFF2971EDA5003F2CD1 /* Products */;
			projectDirPath = "";
			projectRoot = "";
			targets = (
				08127AFD2971EDA4003F2CD1 /* StarView */,
				08127B0D2971EDA6003F2CD1 /* StarViewTests */,
				08127B172971EDA6003F2CD1 /* StarViewUITests */,
			);
		};
/* End PBXProject section */

/* Begin PBXResourcesBuildPhase section */
		08127AFC2971EDA4003F2CD1 /* Resources */ = {
			isa = PBXResourcesBuildPhase;
			buildActionMask = 2147483647;
			files = (
				08127B092971EDA5003F2CD1 /* Preview Assets.xcassets in Resources */,
				08127B062971EDA5003F2CD1 /* Assets.xcassets in Resources */,
			);
			runOnlyForDeploymentPostprocessing = 0;
		};
		08127B0C2971EDA6003F2CD1 /* Resources */ = {
			isa = PBXResourcesBuildPhase;
			buildActionMask = 2147483647;
			files = (
			);
			runOnlyForDeploymentPostprocessing = 0;
		};
		08127B162971EDA6003F2CD1 /* Resources */ = {
			isa = PBXResourcesBuildPhase;
			buildActionMask = 2147483647;
			files = (
			);
			runOnlyForDeploymentPostprocessing = 0;
		};
/* End PBXResourcesBuildPhase section */

/* Begin PBXSourcesBuildPhase section */
		08127AFA2971EDA4003F2CD1 /* Sources */ = {
			isa = PBXSourcesBuildPhase;
			buildActionMask = 2147483647;
			files = (
				08127B042971EDA5003F2CD1 /* ContentView.swift in Sources */,
				08127B022971EDA5003F2CD1 /* StarViewApp.swift in Sources */,
			);
			runOnlyForDeploymentPostprocessing = 0;
		};
		08127B0A2971EDA6003F2CD1 /* Sources */ = {
			isa = PBXSourcesBuildPhase;
			buildActionMask = 2147483647;
			files = (
				08127B132971EDA6003F2CD1 /* StarViewTests.swift in Sources */,
			);
			runOnlyForDeploymentPostprocessing = 0;
		};
		08127B142971EDA6003F2CD1 /* Sources */ = {
			isa = PBXSourcesBuildPhase;
			buildActionMask = 2147483647;
			files = (
				08127B1F2971EDA6003F2CD1 /* StarViewUITestsLaunchTests.swift in Sources */,
				08127B1D2971EDA6003F2CD1 /* StarViewUITests.swift in Sources */,
			);
			runOnlyForDeploymentPostprocessing = 0;
		};
/* End PBXSourcesBuildPhase section */

/* Begin PBXTargetDependency section */
		08127B102971EDA6003F2CD1 /* PBXTargetDependency */ = {
			isa = PBXTargetDependency;
			target = 08127AFD2971EDA4003F2CD1 /* StarView */;
			targetProxy = 08127B0F2971EDA6003F2CD1 /* PBXContainerItemProxy */;
		};
		08127B1A2971EDA6003F2CD1 /* PBXTargetDependency */ = {
			isa = PBXTargetDependency;
			target = 08127AFD2971EDA4003F2CD1 /* StarView */;
			targetProxy = 08127B192971EDA6003F2CD1 /* PBXContainerItemProxy */;
		};
/* End PBXTargetDependency section */

/* Begin XCBuildConfiguration section */
		08127B202971EDA6003F2CD1 /* Debug */ = {
			isa = XCBuildConfiguration;
			buildSettings = {
				ALWAYS_SEARCH_USER_PATHS = NO;
				CLANG_ANALYZER_NONNULL = YES;
				CLANG_ANALYZER_NUMBER_OBJECT_CONVERSION = YES_AGGRESSIVE;
				CLANG_CXX_LANGUAGE_STANDARD = "gnu++20";
				CLANG_ENABLE_MODULES = YES;
				CLANG_ENABLE_OBJC_ARC = YES;
				CLANG_ENABLE_OBJC_WEAK = YES;
				CLANG_WARN_BLOCK_CAPTURE_AUTORELEASING = YES;
				CLANG_WARN_BOOL_CONVERSION = YES;
				CLANG_WARN_COMMA = YES;
				CLANG_WARN_CONSTANT_CONVERSION = YES;
				CLANG_WARN_DEPRECATED_OBJC_IMPLEMENTATIONS = YES;
				CLANG_WARN_DIRECT_OBJC_ISA_USAGE = YES_ERROR;
				CLANG_WARN_DOCUMENTATION_COMMENTS = YES;
				CLANG_WARN_EMPTY_BODY = YES;
				CLANG_WARN_ENUM_CONVERSION = YES;
				CLANG_WARN_INFINITE_RECURSION = YES;
				CLANG_WARN_INT_CONVERSION = YES;
				CLANG_WARN_NON_LITERAL_NULL_CONVERSION = YES;
				CLANG_WARN_OBJC_IMPLICIT_RETAIN_SELF = YES;
				CLANG_WARN_OBJC_LITERAL_CONVERSION = YES;
				CLANG_WARN_OBJC_ROOT_CLASS = YES_ERROR;
				CLANG_WARN_QUOTED_INCLUDE_IN_FRAMEWORK_HEADER = YES;
				CLANG_WARN_RANGE_LOOP_ANALYSIS = YES;
				CLANG_WARN_STRICT_PROTOTYPES = YES;
				CLANG_WARN_SUSPICIOUS_MOVE = YES;
				CLANG_WARN_UNGUARDED_AVAILABILITY = YES_AGGRESSIVE;
				CLANG_WARN_UNREACHABLE_CODE = YES;
				CLANG_WARN__DUPLICATE_METHOD_MATCH = YES;
				COPY_PHASE_STRIP = NO;
				DEBUG_INFORMATION_FORMAT = dwarf;
				ENABLE_STRICT_OBJC_MSGSEND = YES;
				ENABLE_TESTABILITY = YES;
				GCC_C_LANGUAGE_STANDARD = gnu11;
				GCC_DYNAMIC_NO_PIC = NO;
				GCC_NO_COMMON_BLOCKS = YES;
				GCC_OPTIMIZATION_LEVEL = 0;
				GCC_PREPROCESSOR_DEFINITIONS = (
					"DEBUG=1",
					"$(inherited)",
				);
				GCC_WARN_64_TO_32_BIT_CONVERSION = YES;
				GCC_WARN_ABOUT_RETURN_TYPE = YES_ERROR;
				GCC_WARN_UNDECLARED_SELECTOR = YES;
				GCC_WARN_UNINITIALIZED_AUTOS = YES_AGGRESSIVE;
				GCC_WARN_UNUSED_FUNCTION = YES;
				GCC_WARN_UNUSED_VARIABLE = YES;
				IPHONEOS_DEPLOYMENT_TARGET = 16.2;
				MTL_ENABLE_DEBUG_INFO = INCLUDE_SOURCE;
				MTL_FAST_MATH = YES;
				ONLY_ACTIVE_ARCH = YES;
				SDKROOT = iphoneos;
				SWIFT_ACTIVE_COMPILATION_CONDITIONS = DEBUG;
				SWIFT_OPTIMIZATION_LEVEL = "-Onone";
			};
			name = Debug;
		};
		08127B212971EDA6003F2CD1 /* Release */ = {
			isa = XCBuildConfiguration;
			buildSettings = {
				ALWAYS_SEARCH_USER_PATHS = NO;
				CLANG_ANALYZER_NONNULL = YES;
				CLANG_ANALYZER_NUMBER_OBJECT_CONVERSION = YES_AGGRESSIVE;
				CLANG_CXX_LANGUAGE_STANDARD = "gnu++20";
				CLANG_ENABLE_MODULES = YES;
				CLANG_ENABLE_OBJC_ARC = YES;
				CLANG_ENABLE_OBJC_WEAK = YES;
				CLANG_WARN_BLOCK_CAPTURE_AUTORELEASING = YES;
				CLANG_WARN_BOOL_CONVERSION = YES;
				CLANG_WARN_COMMA = YES;
				CLANG_WARN_CONSTANT_CONVERSION = YES;
				CLANG_WARN_DEPRECATED_OBJC_IMPLEMENTATIONS = YES;
				CLANG_WARN_DIRECT_OBJC_ISA_USAGE = YES_ERROR;
				CLANG_WARN_DOCUMENTATION_COMMENTS = YES;
				CLANG_WARN_EMPTY_BODY = YES;
				CLANG_WARN_ENUM_CONVERSION = YES;
				CLANG_WARN_INFINITE_RECURSION = YES;
				CLANG_WARN_INT_CONVERSION = YES;
				CLANG_WARN_NON_LITERAL_NULL_CONVERSION = YES;
				CLANG_WARN_OBJC_IMPLICIT_RETAIN_SELF = YES;
				CLANG_WARN_OBJC_LITERAL_CONVERSION = YES;
				CLANG_WARN_OBJC_ROOT_CLASS = YES_ERROR;
				CLANG_WARN_QUOTED_INCLUDE_IN_FRAMEWORK_HEADER = YES;
				CLANG_WARN_RANGE_LOOP_ANALYSIS = YES;
				CLANG_WARN_STRICT_PROTOTYPES = YES;
				CLANG_WARN_SUSPICIOUS_MOVE = YES;
				CLANG_WARN_UNGUARDED_AVAILABILITY = YES_AGGRESSIVE;
				CLANG_WARN_UNREACHABLE_CODE = YES;
				CLANG_WARN__DUPLICATE_METHOD_MATCH = YES;
				COPY_PHASE_STRIP = NO;
				DEBUG_INFORMATION_FORMAT = "dwarf-with-dsym";
				ENABLE_NS_ASSERTIONS = NO;
				ENABLE_STRICT_OBJC_MSGSEND = YES;
				GCC_C_LANGUAGE_STANDARD = gnu11;
				GCC_NO_COMMON_BLOCKS = YES;
				GCC_WARN_64_TO_32_BIT_CONVERSION = YES;
				GCC_WARN_ABOUT_RETURN_TYPE = YES_ERROR;
				GCC_WARN_UNDECLARED_SELECTOR = YES;
				GCC_WARN_UNINITIALIZED_AUTOS = YES_AGGRESSIVE;
				GCC_WARN_UNUSED_FUNCTION = YES;
				GCC_WARN_UNUSED_VARIABLE = YES;
				IPHONEOS_DEPLOYMENT_TARGET = 16.2;
				MTL_ENABLE_DEBUG_INFO = NO;
				MTL_FAST_MATH = YES;
				SDKROOT = iphoneos;
				SWIFT_COMPILATION_MODE = wholemodule;
				SWIFT_OPTIMIZATION_LEVEL = "-O";
				VALIDATE_PRODUCT = YES;
			};
			name = Release;
		};
		08127B232971EDA6003F2CD1 /* Debug */ = {
			isa = XCBuildConfiguration;
			buildSettings = {
				ASSETCATALOG_COMPILER_APPICON_NAME = AppIcon;
				ASSETCATALOG_COMPILER_GLOBAL_ACCENT_COLOR_NAME = AccentColor;
				CODE_SIGN_STYLE = Automatic;
				CURRENT_PROJECT_VERSION = 1;
				DEVELOPMENT_ASSET_PATHS = "\"StarView/Preview Content\"";
				ENABLE_PREVIEWS = YES;
				GENERATE_INFOPLIST_FILE = YES;
				INFOPLIST_KEY_UIApplicationSceneManifest_Generation = YES;
				INFOPLIST_KEY_UIApplicationSupportsIndirectInputEvents = YES;
				INFOPLIST_KEY_UILaunchScreen_Generation = YES;
				INFOPLIST_KEY_UISupportedInterfaceOrientations_iPad = "UIInterfaceOrientationPortrait UIInterfaceOrientationPortraitUpsideDown UIInterfaceOrientationLandscapeLeft UIInterfaceOrientationLandscapeRight";
				INFOPLIST_KEY_UISupportedInterfaceOrientations_iPhone = "UIInterfaceOrientationPortrait UIInterfaceOrientationLandscapeLeft UIInterfaceOrientationLandscapeRight";
				LD_RUNPATH_SEARCH_PATHS = (
					"$(inherited)",
					"@executable_path/Frameworks",
				);
				MARKETING_VERSION = 1.0;
				PRODUCT_BUNDLE_IDENTIFIER = com.gemmahassan.StarView;
				PRODUCT_NAME = "$(TARGET_NAME)";
				SWIFT_EMIT_LOC_STRINGS = YES;
				SWIFT_VERSION = 5.0;
				TARGETED_DEVICE_FAMILY = "1,2";
			};
			name = Debug;
		};
		08127B242971EDA6003F2CD1 /* Release */ = {
			isa = XCBuildConfiguration;
			buildSettings = {
				ASSETCATALOG_COMPILER_APPICON_NAME = AppIcon;
				ASSETCATALOG_COMPILER_GLOBAL_ACCENT_COLOR_NAME = AccentColor;
				CODE_SIGN_STYLE = Automatic;
				CURRENT_PROJECT_VERSION = 1;
				DEVELOPMENT_ASSET_PATHS = "\"StarView/Preview Content\"";
				ENABLE_PREVIEWS = YES;
				GENERATE_INFOPLIST_FILE = YES;
				INFOPLIST_KEY_UIApplicationSceneManifest_Generation = YES;
				INFOPLIST_KEY_UIApplicationSupportsIndirectInputEvents = YES;
				INFOPLIST_KEY_UILaunchScreen_Generation = YES;
				INFOPLIST_KEY_UISupportedInterfaceOrientations_iPad = "UIInterfaceOrientationPortrait UIInterfaceOrientationPortraitUpsideDown UIInterfaceOrientationLandscapeLeft UIInterfaceOrientationLandscapeRight";
				INFOPLIST_KEY_UISupportedInterfaceOrientations_iPhone = "UIInterfaceOrientationPortrait UIInterfaceOrientationLandscapeLeft UIInterfaceOrientationLandscapeRight";
				LD_RUNPATH_SEARCH_PATHS = (
					"$(inherited)",
					"@executable_path/Frameworks",
				);
				MARKETING_VERSION = 1.0;
				PRODUCT_BUNDLE_IDENTIFIER = com.gemmahassan.StarView;
				PRODUCT_NAME = "$(TARGET_NAME)";
				SWIFT_EMIT_LOC_STRINGS = YES;
				SWIFT_VERSION = 5.0;
				TARGETED_DEVICE_FAMILY = "1,2";
			};
			name = Release;
		};
		08127B262971EDA6003F2CD1 /* Debug */ = {
			isa = XCBuildConfiguration;
			buildSettings = {
				ALWAYS_EMBED_SWIFT_STANDARD_LIBRARIES = YES;
				BUNDLE_LOADER = "$(TEST_HOST)";
				CODE_SIGN_STYLE = Automatic;
				CURRENT_PROJECT_VERSION = 1;
				GENERATE_INFOPLIST_FILE = YES;
				IPHONEOS_DEPLOYMENT_TARGET = 16.2;
				MARKETING_VERSION = 1.0;
				PRODUCT_BUNDLE_IDENTIFIER = com.gemmahassan.StarViewTests;
				PRODUCT_NAME = "$(TARGET_NAME)";
				SWIFT_EMIT_LOC_STRINGS = NO;
				SWIFT_VERSION = 5.0;
				TARGETED_DEVICE_FAMILY = "1,2";
				TEST_HOST = "$(BUILT_PRODUCTS_DIR)/StarView.app/$(BUNDLE_EXECUTABLE_FOLDER_PATH)/StarView";
			};
			name = Debug;
		};
		08127B272971EDA6003F2CD1 /* Release */ = {
			isa = XCBuildConfiguration;
			buildSettings = {
				ALWAYS_EMBED_SWIFT_STANDARD_LIBRARIES = YES;
				BUNDLE_LOADER = "$(TEST_HOST)";
				CODE_SIGN_STYLE = Automatic;
				CURRENT_PROJECT_VERSION = 1;
				GENERATE_INFOPLIST_FILE = YES;
				IPHONEOS_DEPLOYMENT_TARGET = 16.2;
				MARKETING_VERSION = 1.0;
				PRODUCT_BUNDLE_IDENTIFIER = com.gemmahassan.StarViewTests;
				PRODUCT_NAME = "$(TARGET_NAME)";
				SWIFT_EMIT_LOC_STRINGS = NO;
				SWIFT_VERSION = 5.0;
				TARGETED_DEVICE_FAMILY = "1,2";
				TEST_HOST = "$(BUILT_PRODUCTS_DIR)/StarView.app/$(BUNDLE_EXECUTABLE_FOLDER_PATH)/StarView";
			};
			name = Release;
		};
		08127B292971EDA6003F2CD1 /* Debug */ = {
			isa = XCBuildConfiguration;
			buildSettings = {
				ALWAYS_EMBED_SWIFT_STANDARD_LIBRARIES = YES;
				CODE_SIGN_STYLE = Automatic;
				CURRENT_PROJECT_VERSION = 1;
				GENERATE_INFOPLIST_FILE = YES;
				MARKETING_VERSION = 1.0;
				PRODUCT_BUNDLE_IDENTIFIER = com.gemmahassan.StarViewUITests;
				PRODUCT_NAME = "$(TARGET_NAME)";
				SWIFT_EMIT_LOC_STRINGS = NO;
				SWIFT_VERSION = 5.0;
				TARGETED_DEVICE_FAMILY = "1,2";
				TEST_TARGET_NAME = StarView;
			};
			name = Debug;
		};
		08127B2A2971EDA6003F2CD1 /* Release */ = {
			isa = XCBuildConfiguration;
			buildSettings = {
				ALWAYS_EMBED_SWIFT_STANDARD_LIBRARIES = YES;
				CODE_SIGN_STYLE = Automatic;
				CURRENT_PROJECT_VERSION = 1;
				GENERATE_INFOPLIST_FILE = YES;
				MARKETING_VERSION = 1.0;
				PRODUCT_BUNDLE_IDENTIFIER = com.gemmahassan.StarViewUITests;
				PRODUCT_NAME = "$(TARGET_NAME)";
				SWIFT_EMIT_LOC_STRINGS = NO;
				SWIFT_VERSION = 5.0;
				TARGETED_DEVICE_FAMILY = "1,2";
				TEST_TARGET_NAME = StarView;
			};
			name = Release;
		};
/* End XCBuildConfiguration section */

/* Begin XCConfigurationList section */
		08127AF92971EDA4003F2CD1 /* Build configuration list for PBXProject "StarView" */ = {
			isa = XCConfigurationList;
			buildConfigurations = (
				08127B202971EDA6003F2CD1 /* Debug */,
				08127B212971EDA6003F2CD1 /* Release */,
			);
			defaultConfigurationIsVisible = 0;
			defaultConfigurationName = Release;
		};
		08127B222971EDA6003F2CD1 /* Build configuration list for PBXNativeTarget "StarView" */ = {
			isa = XCConfigurationList;
			buildConfigurations = (
				08127B232971EDA6003F2CD1 /* Debug */,
				08127B242971EDA6003F2CD1 /* Release */,
			);
			defaultConfigurationIsVisible = 0;
			defaultConfigurationName = Release;
		};
		08127B252971EDA6003F2CD1 /* Build configuration list for PBXNativeTarget "StarViewTests" */ = {
			isa = XCConfigurationList;
			buildConfigurations = (
				08127B262971EDA6003F2CD1 /* Debug */,
				08127B272971EDA6003F2CD1 /* Release */,
			);
			defaultConfigurationIsVisible = 0;
			defaultConfigurationName = Release;
		};
		08127B282971EDA6003F2CD1 /* Build configuration list for PBXNativeTarget "StarViewUITests" */ = {
			isa = XCConfigurationList;
			buildConfigurations = (
				08127B292971EDA6003F2CD1 /* Debug */,
				08127B2A2971EDA6003F2CD1 /* Release */,
			);
			defaultConfigurationIsVisible = 0;
			defaultConfigurationName = Release;
		};
/* End XCConfigurationList section */
	};
	rootObject = 08127AF62971EDA4003F2CD1 /* Project object */;
}
